
Microsoft Visual Studio Solution File, Format Version 12.00
# Visual Studio Version 17
VisualStudioVersion = 17.10.35004.147
MinimumVisualStudioVersion = 10.0.40219.1
Project("{FAE04EC0-301F-11D3-BF4B-00C04F79EFBC}") = "AnyoneForTennis", "AnyoneForTennis\AnyoneForTennis.csproj", "{2C9B5751-2D06-4FA3-BAD7-3656E828C81B}"
EndProject
Global
	GlobalSection(SolutionConfigurationPlatforms) = preSolution
		Debug|Any CPU = Debug|Any CPU
		Release|Any CPU = Release|Any CPU
	EndGlobalSection
	GlobalSection(ProjectConfigurationPlatforms) = postSolution
		{2C9B5751-2D06-4FA3-BAD7-3656E828C81B}.Debug|Any CPU.ActiveCfg = Debug|Any CPU
		{2C9B5751-2D06-4FA3-BAD7-3656E828C81B}.Debug|Any CPU.Build.0 = Debug|Any CPU
		{2C9B5751-2D06-4FA3-BAD7-3656E828C81B}.Release|Any CPU.ActiveCfg = Release|Any CPU
		{2C9B5751-2D06-4FA3-BAD7-3656E828C81B}.Release|Any CPU.Build.0 = Release|Any CPU
	EndGlobalSection
	GlobalSection(SolutionProperties) = preSolution
		HideSolutionNode = FALSE
	EndGlobalSection
	GlobalSection(ExtensibilityGlobals) = postSolution
		SolutionGuid = {976FFBA1-21BF-4968-98DC-0AD71EF37785}
	EndGlobalSection
EndGlobal
